#MicroXplorer Configuration settings - do not modify
Dma.Request0=USART1_TX
Dma.Request1=USART1_RX
Dma.Request2=USART2_RX
Dma.Request3=USART2_TX
Dma.Request4=SPI1_RX
Dma.Request5=SPI1_TX
Dma.Request6=UART4_TX
Dma.RequestsNb=7
Dma.SPI1_RX.4.Direction=DMA_PERIPH_TO_MEMORY
Dma.SPI1_RX.4.Instance=DMA1_Channel2
Dma.SPI1_RX.4.MemDataAlignment=DMA_MDATAALIGN_BYTE
Dma.SPI1_RX.4.MemInc=DMA_MINC_ENABLE
Dma.SPI1_RX.4.Mode=DMA_NORMAL
Dma.SPI1_RX.4.PeriphDataAlignment=DMA_PDATAALIGN_BYTE
Dma.SPI1_RX.4.PeriphInc=DMA_PINC_DISABLE
Dma.SPI1_RX.4.Priority=DMA_PRIORITY_LOW
Dma.SPI1_RX.4.RequestParameters=Instance,Direction,PeriphInc,MemInc,PeriphDataAlignment,MemDataAlignment,Mode,Priority
Dma.SPI1_TX.5.Direction=DMA_MEMORY_TO_PERIPH
Dma.SPI1_TX.5.Instance=DMA1_Channel3
Dma.SPI1_TX.5.MemDataAlignment=DMA_MDATAALIGN_BYTE
Dma.SPI1_TX.5.MemInc=DMA_MINC_ENABLE
Dma.SPI1_TX.5.Mode=DMA_NORMAL
Dma.SPI1_TX.5.PeriphDataAlignment=DMA_PDATAALIGN_BYTE
Dma.SPI1_TX.5.PeriphInc=DMA_PINC_DISABLE
Dma.SPI1_TX.5.Priority=DMA_PRIORITY_LOW
Dma.SPI1_TX.5.RequestParameters=Instance,Direction,PeriphInc,MemInc,PeriphDataAlignment,MemDataAlignment,Mode,Priority
Dma.UART4_TX.6.Direction=DMA_MEMORY_TO_PERIPH
Dma.UART4_TX.6.Instance=DMA2_Channel5
Dma.UART4_TX.6.MemDataAlignment=DMA_MDATAALIGN_BYTE
Dma.UART4_TX.6.MemInc=DMA_MINC_ENABLE
Dma.UART4_TX.6.Mode=DMA_NORMAL
Dma.UART4_TX.6.PeriphDataAlignment=DMA_PDATAALIGN_BYTE
Dma.UART4_TX.6.PeriphInc=DMA_PINC_DISABLE
Dma.UART4_TX.6.Priority=DMA_PRIORITY_LOW
Dma.UART4_TX.6.RequestParameters=Instance,Direction,PeriphInc,MemInc,PeriphDataAlignment,MemDataAlignment,Mode,Priority
Dma.USART1_RX.1.Direction=DMA_PERIPH_TO_MEMORY
Dma.USART1_RX.1.Instance=DMA1_Channel5
Dma.USART1_RX.1.MemDataAlignment=DMA_MDATAALIGN_BYTE
Dma.USART1_RX.1.MemInc=DMA_MINC_ENABLE
Dma.USART1_RX.1.Mode=DMA_NORMAL
Dma.USART1_RX.1.PeriphDataAlignment=DMA_PDATAALIGN_BYTE
Dma.USART1_RX.1.PeriphInc=DMA_PINC_DISABLE
Dma.USART1_RX.1.Priority=DMA_PRIORITY_HIGH
Dma.USART1_RX.1.RequestParameters=Instance,Direction,PeriphInc,MemInc,PeriphDataAlignment,MemDataAlignment,Mode,Priority
Dma.USART1_TX.0.Direction=DMA_MEMORY_TO_PERIPH
Dma.USART1_TX.0.Instance=DMA1_Channel4
Dma.USART1_TX.0.MemDataAlignment=DMA_MDATAALIGN_BYTE
Dma.USART1_TX.0.MemInc=DMA_MINC_ENABLE
Dma.USART1_TX.0.Mode=DMA_NORMAL
Dma.USART1_TX.0.PeriphDataAlignment=DMA_PDATAALIGN_BYTE
Dma.USART1_TX.0.PeriphInc=DMA_PINC_DISABLE
Dma.USART1_TX.0.Priority=DMA_PRIORITY_LOW
Dma.USART1_TX.0.RequestParameters=Instance,Direction,PeriphInc,MemInc,PeriphDataAlignment,MemDataAlignment,Mode,Priority
Dma.USART2_RX.2.Direction=DMA_PERIPH_TO_MEMORY
Dma.USART2_RX.2.Instance=DMA1_Channel6
Dma.USART2_RX.2.MemDataAlignment=DMA_MDATAALIGN_BYTE
Dma.USART2_RX.2.MemInc=DMA_MINC_ENABLE
Dma.USART2_RX.2.Mode=DMA_NORMAL
Dma.USART2_RX.2.PeriphDataAlignment=DMA_PDATAALIGN_BYTE
Dma.USART2_RX.2.PeriphInc=DMA_PINC_DISABLE
Dma.USART2_RX.2.Priority=DMA_PRIORITY_MEDIUM
Dma.USART2_RX.2.RequestParameters=Instance,Direction,PeriphInc,MemInc,PeriphDataAlignment,MemDataAlignment,Mode,Priority
Dma.USART2_TX.3.Direction=DMA_MEMORY_TO_PERIPH
Dma.USART2_TX.3.Instance=DMA1_Channel7
Dma.USART2_TX.3.MemDataAlignment=DMA_MDATAALIGN_BYTE
Dma.USART2_TX.3.MemInc=DMA_MINC_ENABLE
Dma.USART2_TX.3.Mode=DMA_NORMAL
Dma.USART2_TX.3.PeriphDataAlignment=DMA_PDATAALIGN_BYTE
Dma.USART2_TX.3.PeriphInc=DMA_PINC_DISABLE
Dma.USART2_TX.3.Priority=DMA_PRIORITY_LOW
Dma.USART2_TX.3.RequestParameters=Instance,Direction,PeriphInc,MemInc,PeriphDataAlignment,MemDataAlignment,Mode,Priority
File.Version=6
KeepUserPlacement=false
Mcu.Family=STM32F1
Mcu.IP0=DMA
Mcu.IP1=NVIC
Mcu.IP2=RCC
Mcu.IP3=SPI1
Mcu.IP4=SYS
Mcu.IP5=UART4
Mcu.IP6=USART1
Mcu.IP7=USART2
Mcu.IP8=USB_DEVICE
Mcu.IP9=USB_OTG_FS
Mcu.IPNb=10
Mcu.Name=STM32F105R(8-B-C)Tx
Mcu.Package=LQFP64
Mcu.Pin0=PC13-TAMPER-RTC
Mcu.Pin1=PC14-OSC32_IN
Mcu.Pin10=PA2
Mcu.Pin11=PA3
Mcu.Pin12=PA4
Mcu.Pin13=PA5
Mcu.Pin14=PA6
Mcu.Pin15=PA7
Mcu.Pin16=PC4
Mcu.Pin17=PC5
Mcu.Pin18=PA9
Mcu.Pin19=PA11
Mcu.Pin2=PC15-OSC32_OUT
Mcu.Pin20=PA12
Mcu.Pin21=PA13
Mcu.Pin22=PA14
Mcu.Pin23=PC10
Mcu.Pin24=PC11
Mcu.Pin25=PB6
Mcu.Pin26=PB7
Mcu.Pin27=VP_SYS_VS_Systick
Mcu.Pin28=VP_USB_DEVICE_VS_USB_DEVICE_CDC_FS
Mcu.Pin3=PD0-OSC_IN
Mcu.Pin4=PD1-OSC_OUT
Mcu.Pin5=PC0
Mcu.Pin6=PC1
Mcu.Pin7=PC2
Mcu.Pin8=PA0-WKUP
Mcu.Pin9=PA1
Mcu.PinsNb=29
Mcu.ThirdPartyNb=0
Mcu.UserConstants=
Mcu.UserName=STM32F105RBTx
MxCube.Version=4.25.0
MxDb.Version=DB.4.0.250
NVIC.BusFault_IRQn=true\:0\:0\:false\:false\:true\:false
NVIC.DMA1_Channel2_IRQn=true\:0\:0\:false\:false\:true\:false
NVIC.DMA1_Channel3_IRQn=true\:0\:0\:false\:false\:true\:false
NVIC.DMA1_Channel4_IRQn=true\:0\:0\:false\:false\:true\:false
NVIC.DMA1_Channel5_IRQn=true\:0\:0\:false\:false\:true\:false
NVIC.DMA1_Channel6_IRQn=true\:0\:0\:false\:false\:true\:false
NVIC.DMA1_Channel7_IRQn=true\:0\:0\:false\:false\:true\:false
NVIC.DMA2_Channel5_IRQn=true\:0\:0\:false\:false\:true\:false
NVIC.DebugMonitor_IRQn=true\:0\:0\:false\:false\:true\:false
NVIC.EXTI9_5_IRQn=true\:0\:0\:false\:false\:true\:true
NVIC.HardFault_IRQn=true\:0\:0\:false\:false\:true\:false
NVIC.MemoryManagement_IRQn=true\:0\:0\:false\:false\:true\:false
NVIC.NonMaskableInt_IRQn=true\:0\:0\:false\:false\:true\:false
NVIC.OTG_FS_IRQn=true\:0\:0\:false\:false\:true\:false
NVIC.PendSV_IRQn=true\:0\:0\:false\:false\:true\:false
NVIC.PriorityGroup=NVIC_PRIORITYGROUP_4
NVIC.SVCall_IRQn=true\:0\:0\:false\:false\:true\:false
NVIC.SysTick_IRQn=true\:0\:0\:false\:false\:true\:false
NVIC.UsageFault_IRQn=true\:0\:0\:false\:false\:true\:false
PA0-WKUP.GPIOParameters=GPIO_PuPd
PA0-WKUP.GPIO_PuPd=GPIO_PULLUP
PA0-WKUP.Mode=CTS_RTS
PA0-WKUP.Signal=USART2_CTS
PA1.Mode=CTS_RTS
PA1.Signal=USART2_RTS
PA11.Mode=Device_Only
PA11.Signal=USB_OTG_FS_DM
PA12.Mode=Device_Only
PA12.Signal=USB_OTG_FS_DP
PA13.Mode=Serial_Wire
PA13.Signal=SYS_JTMS-SWDIO
PA14.Mode=Serial_Wire
PA14.Signal=SYS_JTCK-SWCLK
PA2.Mode=Asynchronous
PA2.Signal=USART2_TX
PA3.GPIOParameters=GPIO_PuPd
PA3.GPIO_PuPd=GPIO_PULLUP
PA3.Mode=Asynchronous
PA3.Signal=USART2_RX
PA4.GPIOParameters=PinState,GPIO_Label
PA4.GPIO_Label=CDCTL_NS
PA4.Locked=true
PA4.PinState=GPIO_PIN_SET
PA4.Signal=GPIO_Output
PA5.Mode=Full_Duplex_Master
PA5.Signal=SPI1_SCK
PA6.Mode=Full_Duplex_Master
PA6.Signal=SPI1_MISO
PA7.Mode=Full_Duplex_Master
PA7.Signal=SPI1_MOSI
PA9.Mode=Activate_VBUS
PA9.Signal=USB_OTG_FS_VBUS
PB6.Locked=true
PB6.Mode=Asynchronous
PB6.Signal=USART1_TX
PB7.GPIOParameters=GPIO_PuPd
PB7.GPIO_PuPd=GPIO_PULLUP
PB7.Locked=true
PB7.Mode=Asynchronous
PB7.Signal=USART1_RX
PC0.GPIOParameters=PinState,GPIO_Label,GPIO_ModeDefaultOutputPP
PC0.GPIO_Label=LED_RX
PC0.GPIO_ModeDefaultOutputPP=GPIO_MODE_OUTPUT_OD
PC0.Locked=true
PC0.PinState=GPIO_PIN_SET
PC0.Signal=GPIO_Output
PC1.GPIOParameters=PinState,GPIO_Label,GPIO_ModeDefaultOutputPP
PC1.GPIO_Label=LED_TX
PC1.GPIO_ModeDefaultOutputPP=GPIO_MODE_OUTPUT_OD
PC1.Locked=true
PC1.PinState=GPIO_PIN_SET
PC1.Signal=GPIO_Output
PC10.Mode=Asynchronous
PC10.Signal=UART4_TX
PC11.GPIOParameters=GPIO_PuPd
PC11.GPIO_PuPd=GPIO_PULLUP
PC11.Mode=Asynchronous
PC11.Signal=UART4_RX
PC13-TAMPER-RTC.GPIOParameters=PinState,GPIO_Label,GPIO_ModeDefaultOutputPP
PC13-TAMPER-RTC.GPIO_Label=LED_B
PC13-TAMPER-RTC.GPIO_ModeDefaultOutputPP=GPIO_MODE_OUTPUT_OD
PC13-TAMPER-RTC.Locked=true
PC13-TAMPER-RTC.PinState=GPIO_PIN_SET
PC13-TAMPER-RTC.Signal=GPIO_Output
PC14-OSC32_IN.GPIOParameters=PinState,GPIO_Label,GPIO_ModeDefaultOutputPP
PC14-OSC32_IN.GPIO_Label=LED_G
PC14-OSC32_IN.GPIO_ModeDefaultOutputPP=GPIO_MODE_OUTPUT_OD
PC14-OSC32_IN.Locked=true
PC14-OSC32_IN.PinState=GPIO_PIN_SET
PC14-OSC32_IN.Signal=GPIO_Output
PC15-OSC32_OUT.GPIOParameters=PinState,GPIO_Label,GPIO_ModeDefaultOutputPP
PC15-OSC32_OUT.GPIO_Label=LED_R
PC15-OSC32_OUT.GPIO_ModeDefaultOutputPP=GPIO_MODE_OUTPUT_OD
PC15-OSC32_OUT.Locked=true
PC15-OSC32_OUT.PinState=GPIO_PIN_SET
PC15-OSC32_OUT.Signal=GPIO_Output
PC2.GPIOParameters=GPIO_PuPd,GPIO_Label
PC2.GPIO_Label=SW_MODE
PC2.GPIO_PuPd=GPIO_PULLUP
PC2.Locked=true
PC2.Signal=GPIO_Input
PC4.GPIOParameters=PinState,GPIO_Label
PC4.GPIO_Label=CDCTL_RST_N
PC4.Locked=true
PC4.PinState=GPIO_PIN_SET
PC4.Signal=GPIO_Output
PC5.GPIOParameters=GPIO_Label,GPIO_ModeDefaultEXTI
PC5.GPIO_Label=CDCTL_INT_N
PC5.GPIO_ModeDefaultEXTI=GPIO_MODE_IT_FALLING
PC5.Locked=true
PC5.Signal=GPXTI5
PCC.Checker=false
PCC.Line=STM32F105/107
PCC.MCU=STM32F105R(8-B-C)Tx
PCC.PartNumber=STM32F105RBTx
PCC.Seq0=0
PCC.Series=STM32F1
PCC.Temperature=25
PCC.Vdd=3.3
PD0-OSC_IN.Mode=HSE-External-Oscillator
PD0-OSC_IN.Signal=RCC_OSC_IN
PD1-OSC_OUT.Mode=HSE-External-Oscillator
PD1-OSC_OUT.Signal=RCC_OSC_OUT
PinOutPanel.RotationAngle=0
ProjectManager.AskForMigrate=true
ProjectManager.BackupPrevious=false
ProjectManager.CompilerOptimize=3
ProjectManager.ComputerToolchain=false
ProjectManager.CoupleFile=false
ProjectManager.CustomerFirmwarePackage=/home/duke/STM32Cube/Repository/STM32Cube_FW_F1_V1.6.1
ProjectManager.DefaultFWLocation=true
ProjectManager.DeletePrevious=true
ProjectManager.DeviceId=STM32F105RBTx
ProjectManager.FirmwarePackage=STM32Cube FW_F1 V1.6.1
ProjectManager.FreePins=false
ProjectManager.HalAssertFull=false
ProjectManager.HeapSize=0x200
ProjectManager.KeepUserCode=true
ProjectManager.LastFirmware=true
ProjectManager.LibraryCopy=1
ProjectManager.MainLocation=Src
ProjectManager.PreviousToolchain=
ProjectManager.ProjectBuild=false
ProjectManager.ProjectFileName=cdbus_bridge.ioc
ProjectManager.ProjectName=cdbus_bridge
ProjectManager.StackSize=0x800
ProjectManager.TargetToolchain=Makefile
ProjectManager.ToolChainLocation=
ProjectManager.UnderRoot=false
ProjectManager.functionlistsort=1-MX_GPIO_Init-GPIO-false-HAL-true,2-MX_DMA_Init-DMA-false-HAL-true,3-SystemClock_Config-RCC-false-HAL-false,4-MX_SPI1_Init-SPI1-false-HAL-true,5-MX_UART4_Init-UART4-false-HAL-true,6-MX_USART1_UART_Init-USART1-false-HAL-true,7-MX_USART2_UART_Init-USART2-false-HAL-true,8-MX_USB_DEVICE_Init-USB_DEVICE-false-HAL-true
RCC.ADCFreqValue=36000000
RCC.AHBFreq_Value=72000000
RCC.APB1CLKDivider=RCC_HCLK_DIV2
RCC.APB1Freq_Value=36000000
RCC.APB1TimFreq_Value=72000000
RCC.APB2Freq_Value=72000000
RCC.APB2TimFreq_Value=72000000
RCC.FCLKCortexFreq_Value=72000000
RCC.FamilyName=M
RCC.HCLKFreq_Value=72000000
RCC.I2S2Freq_Value=72000000
RCC.I2S3Freq_Value=72000000
RCC.IPParameters=ADCFreqValue,AHBFreq_Value,APB1CLKDivider,APB1Freq_Value,APB1TimFreq_Value,APB2Freq_Value,APB2TimFreq_Value,FCLKCortexFreq_Value,FamilyName,HCLKFreq_Value,I2S2Freq_Value,I2S3Freq_Value,MCOFreq_Value,PLLCLKFreq_Value,PLLMUL,SYSCLKFreq_VALUE,SYSCLKSource,TimSysFreq_Value,USBFreq_Value,VCOOutput2Freq_Value
RCC.MCOFreq_Value=72000000
RCC.PLLCLKFreq_Value=72000000
RCC.PLLMUL=RCC_PLL_MUL9
RCC.SYSCLKFreq_VALUE=72000000
RCC.SYSCLKSource=RCC_SYSCLKSOURCE_PLLCLK
RCC.TimSysFreq_Value=72000000
RCC.USBFreq_Value=48000000
RCC.VCOOutput2Freq_Value=8000000
SH.GPXTI5.0=GPIO_EXTI5
SH.GPXTI5.ConfNb=1
SPI1.BaudRatePrescaler=SPI_BAUDRATEPRESCALER_4
SPI1.CalculateBaudRate=18.0 MBits/s
SPI1.Direction=SPI_DIRECTION_2LINES
SPI1.IPParameters=VirtualType,Mode,Direction,CalculateBaudRate,BaudRatePrescaler
SPI1.Mode=SPI_MODE_MASTER
SPI1.VirtualType=VM_MASTER
UART4.IPParameters=VirtualMode
UART4.VirtualMode=Asynchronous
USART1.IPParameters=VirtualMode
USART1.VirtualMode=VM_ASYNC
USART2.IPParameters=VirtualMode
USART2.VirtualMode=VM_ASYNC
USB_DEVICE.APP_RX_DATA_SIZE=512
USB_DEVICE.APP_TX_DATA_SIZE=512
USB_DEVICE.CLASS_NAME_FS=CDC
USB_DEVICE.IPParameters=VirtualMode,VirtualModeFS,CLASS_NAME_FS,APP_RX_DATA_SIZE,APP_TX_DATA_SIZE
USB_DEVICE.VirtualMode=Cdc
USB_DEVICE.VirtualModeFS=Cdc_FS
USB_OTG_FS.IPParameters=VirtualMode
USB_OTG_FS.VirtualMode=Device_Only
VP_SYS_VS_Systick.Mode=SysTick
VP_SYS_VS_Systick.Signal=SYS_VS_Systick
VP_USB_DEVICE_VS_USB_DEVICE_CDC_FS.Mode=CDC_FS
VP_USB_DEVICE_VS_USB_DEVICE_CDC_FS.Signal=USB_DEVICE_VS_USB_DEVICE_CDC_FS
board=cdbus_bridge
